
Microsoft Visual Studio Solution File, Format Version 12.00
# Visual Studio Version 17
VisualStudioVersion = 17.8.34525.116
MinimumVisualStudioVersion = 10.0.40219.1
Project("{FAE04EC0-301F-11D3-BF4B-00C04F79EFBC}") = "VA-inlamningsuppgift", "VA-inlamningsuppgift\VA-inlamningsuppgift.csproj", "{6400F3C5-EF8C-4D67-9702-81B7283F7B7D}"
EndProject
Project("{FAE04EC0-301F-11D3-BF4B-00C04F79EFBC}") = "TestProject1", "TestProject1\TestProject1.csproj", "{487CA558-C58E-4A58-ADE9-603B976540FD}"
EndProject
Global
	GlobalSection(SolutionConfigurationPlatforms) = preSolution
		Debug|Any CPU = Debug|Any CPU
		Release|Any CPU = Release|Any CPU
	EndGlobalSection
	GlobalSection(ProjectConfigurationPlatforms) = postSolution
		{6400F3C5-EF8C-4D67-9702-81B7283F7B7D}.Debug|Any CPU.ActiveCfg = Debug|Any CPU
		{6400F3C5-EF8C-4D67-9702-81B7283F7B7D}.Debug|Any CPU.Build.0 = Debug|Any CPU
		{6400F3C5-EF8C-4D67-9702-81B7283F7B7D}.Release|Any CPU.ActiveCfg = Release|Any CPU
		{6400F3C5-EF8C-4D67-9702-81B7283F7B7D}.Release|Any CPU.Build.0 = Release|Any CPU
		{487CA558-C58E-4A58-ADE9-603B976540FD}.Debug|Any CPU.ActiveCfg = Debug|Any CPU
		{487CA558-C58E-4A58-ADE9-603B976540FD}.Debug|Any CPU.Build.0 = Debug|Any CPU
		{487CA558-C58E-4A58-ADE9-603B976540FD}.Release|Any CPU.ActiveCfg = Release|Any CPU
		{487CA558-C58E-4A58-ADE9-603B976540FD}.Release|Any CPU.Build.0 = Release|Any CPU
	EndGlobalSection
	GlobalSection(SolutionProperties) = preSolution
		HideSolutionNode = FALSE
	EndGlobalSection
	GlobalSection(ExtensibilityGlobals) = postSolution
		SolutionGuid = {023B6DE3-DCD1-47C9-AEBD-D12C5E9B2877}
	EndGlobalSection
EndGlobal
